PODS:
  - SDWebImage (5.13.4):
    - SDWebImage/Core (= 5.13.4)
  - SDWebImage/Core (5.13.4)

DEPENDENCIES:
  - SDWebImage

SPEC REPOS:
  trunk:
    - SDWebImage

SPEC CHECKSUMS:
  SDWebImage: e5cc87bf736e60f49592f307bdf9e157189298a3

PODFILE CHECKSUM: 6778e5cd40823e63a5ca2e158a05e4a3d7db8346

COCOAPODS: 1.11.2
